
Microsoft Visual Studio Solution File, Format Version 12.00
# Visual Studio Version 17
VisualStudioVersion = 17.10.35027.167
MinimumVisualStudioVersion = 10.0.40219.1
Project("{FAE04EC0-301F-11D3-BF4B-00C04F79EFBC}") = "DoctorPortal_DotNetCore", "DoctorPortal_DotNetCore\DoctorPortal_DotNetCore.csproj", "{2ADC0168-315F-4105-AF74-008CF82406D5}"
EndProject
Project("{FAE04EC0-301F-11D3-BF4B-00C04F79EFBC}") = "DoctorPortal_DotNetCore_Utility", "DoctorPortal_DotNetCore_Utility\DoctorPortal_DotNetCore_Utility.csproj", "{236269B0-8506-440C-9055-CD9D55530B78}"
EndProject
Global
	GlobalSection(SolutionConfigurationPlatforms) = preSolution
		Debug|Any CPU = Debug|Any CPU
		Release|Any CPU = Release|Any CPU
	EndGlobalSection
	GlobalSection(ProjectConfigurationPlatforms) = postSolution
		{2ADC0168-315F-4105-AF74-008CF82406D5}.Debug|Any CPU.ActiveCfg = Debug|Any CPU
		{2ADC0168-315F-4105-AF74-008CF82406D5}.Debug|Any CPU.Build.0 = Debug|Any CPU
		{2ADC0168-315F-4105-AF74-008CF82406D5}.Release|Any CPU.ActiveCfg = Release|Any CPU
		{2ADC0168-315F-4105-AF74-008CF82406D5}.Release|Any CPU.Build.0 = Release|Any CPU
		{236269B0-8506-440C-9055-CD9D55530B78}.Debug|Any CPU.ActiveCfg = Debug|Any CPU
		{236269B0-8506-440C-9055-CD9D55530B78}.Debug|Any CPU.Build.0 = Debug|Any CPU
		{236269B0-8506-440C-9055-CD9D55530B78}.Release|Any CPU.ActiveCfg = Release|Any CPU
		{236269B0-8506-440C-9055-CD9D55530B78}.Release|Any CPU.Build.0 = Release|Any CPU
	EndGlobalSection
	GlobalSection(SolutionProperties) = preSolution
		HideSolutionNode = FALSE
	EndGlobalSection
	GlobalSection(ExtensibilityGlobals) = postSolution
		SolutionGuid = {57972A13-4EF1-417B-8A0F-454A3E92BDDE}
	EndGlobalSection
EndGlobal
